{
  "requires": true,
  "lockfileVersion": 1,
  "dependencies": {
    "common-api": {
      "version": "0.0.10",
      "resolved": "https://registry.npmjs.org/common-api/-/common-api-0.0.10.tgz",
      "integrity": "sha1-lbyAjBQl9Q2xuz5IQYpy6hM4DpM=",
      "requires": {
        "csv": "0.2.x",
        "q": "0.8.x",
        "xml2object": "0.1.x"
      }
    },
    "csv": {
      "version": "0.2.9",
      "resolved": "https://registry.npmjs.org/csv/-/csv-0.2.9.tgz",
      "integrity": "sha1-UtFufsLWGXEhG/Mm9JqClO+2XxY="
    },
    "q": {
      "version": "0.8.12",
      "resolved": "https://registry.npmjs.org/q/-/q-0.8.12.tgz",
      "integrity": "sha1-kWKpHhGBnEvNp9oVz1/vqtB3iCM="
    },
    "sax": {
      "version": "1.2.4",
      "resolved": "https://registry.npmjs.org/sax/-/sax-1.2.4.tgz",
      "integrity": "sha512-NqVDv9TpANUjFm0N8uM5GxL36UgKi9/atZw+x7YFnQ8ckwFGKrl4xX4yWtrey3UJm5nP1kUbnYgLopqWNSRhWw=="
    },
    "wolfram-alpha-api": {
      "version": "0.2.1",
      "resolved": "https://registry.npmjs.org/wolfram-alpha-api/-/wolfram-alpha-api-0.2.1.tgz",
      "integrity": "sha1-8//7C0NpOnfQRp+PeYVp6yxAyj0=",
      "requires": {
        "common-api": "0.0.x",
        "q": "0.8.x"
      }
    },
    "xml2object": {
      "version": "0.1.2",
      "resolved": "https://registry.npmjs.org/xml2object/-/xml2object-0.1.2.tgz",
      "integrity": "sha1-hylkKI6BgaUP3UT3iRCX/lyYK0U=",
      "requires": {
        "sax": ">=0.3.5"
      }
    }
  }
}
